# THIS IS AN AUTOGENERATED FILE. DO NOT EDIT THIS FILE DIRECTLY.
# yarn lockfile v1


classnames@2.2.5:
  version "2.2.5"
  resolved "https://registry.yarnpkg.com/classnames/-/classnames-2.2.5.tgz#fb3801d453467649ef3603c7d61a02bd129bde6d"

defined@1.0.0:
  version "1.0.0"
  resolved "https://registry.yarnpkg.com/defined/-/defined-1.0.0.tgz#c98d9bcef75674188e110969151199e39b1fa693"

js-tokens@^3.0.0:
  version "3.0.2"
  resolved "https://registry.yarnpkg.com/js-tokens/-/js-tokens-3.0.2.tgz#9866df395102130e38f7f996bceb65443209c25b"

loose-envify@^1.0.0:
  version "1.3.1"
  resolved "https://registry.yarnpkg.com/loose-envify/-/loose-envify-1.3.1.tgz#d1a8ad33fa9ce0e713d65fdd0ac8b748d478c848"
  dependencies:
    js-tokens "^3.0.0"

ndla-article-scripts@^0.0.3:
  version "0.0.3"
  resolved "https://registry.yarnpkg.com/ndla-article-scripts/-/ndla-article-scripts-0.0.3.tgz#e12827f66a0af970215f373736cf351ff312d0a2"

ndla-licenses@^0.0.7:
  version "0.0.7"
  resolved "https://registry.yarnpkg.com/ndla-licenses/-/ndla-licenses-0.0.7.tgz#8337dc92c5726706c936c2b2691130037ee43f6f"
  dependencies:
    defined "1.0.0"

ndla-ui@^0.4.3:
  version "0.4.3"
  resolved "https://registry.yarnpkg.com/ndla-ui/-/ndla-ui-0.4.3.tgz#6ffbe64fc34800751b93d28a51e271c2ec509b19"
  dependencies:
    classnames "2.2.5"
    react-bem-helper "1.4.1"
    react-prop-types "0.4.0"

object-assign@^4.1.1:
  version "4.1.1"
  resolved "https://registry.yarnpkg.com/object-assign/-/object-assign-4.1.1.tgz#2109adc7965887cfc05cbbd442cac8bfbb360863"

react-bem-helper@1.4.1, react-bem-helper@^1.2.0:
  version "1.4.1"
  resolved "https://registry.yarnpkg.com/react-bem-helper/-/react-bem-helper-1.4.1.tgz#cb27aeadda020e9fe9d169bfaae1095c559f4cf5"
  dependencies:
    object-assign "^4.1.1"

react-prop-types@0.4.0:
  version "0.4.0"
  resolved "https://registry.yarnpkg.com/react-prop-types/-/react-prop-types-0.4.0.tgz#f99b0bfb4006929c9af2051e7c1414a5c75b93d0"
  dependencies:
    warning "^3.0.0"

warning@^3.0.0:
  version "3.0.0"
  resolved "https://registry.yarnpkg.com/warning/-/warning-3.0.0.tgz#32e5377cb572de4ab04753bdf8821c01ed605b7c"
  dependencies:
    loose-envify "^1.0.0"
